github.com/360EntSecGroup-Skylar/excelize v1.4.1 h1:l55mJb6rkkaUzOpSsgEeKYtS6/0gHwBYyfo5Jcjv/Ks=
github.com/360EntSecGroup-Skylar/excelize v1.4.1/go.mod h1:vnax29X2usfl7HHkBrX5EvSCJcmH3dT9luvxzu8iGAE=
github.com/davecgh/go-spew v1.1.1/go.mod h1:J7Y8YcW2NihsgmVo/mv3lAwl/skON4iLHjSsI+c5H38=
github.com/magiconair/properties v1.8.1 h1:ZC2Vc7/ZFkGmsVC9KvOjumD+G5lXy2RtTKyzRKO2BQ4=
github.com/magiconair/properties v1.8.1/go.mod h1:PppfXfuXeibc/6YijjN8zIbojt8czPbwD3XqdrwzmxQ=
github.com/mohae/deepcopy v0.0.0-20170929034955-c48cc78d4826 h1:RWengNIwukTxcDr9M+97sNutRR1RKhG96O6jWumTTnw=
github.com/mohae/deepcopy v0.0.0-20170929034955-c48cc78d4826/go.mod h1:TaXosZuwdSHYgviHp1DAtfrULt5eUgsSMsZf+YrPgl8=
github.com/pmezard/go-difflib v1.0.0/go.mod h1:iKH77koFhYxTK1pcRnkKkqfTogsbg7gZNVY4sRDYZ/4=
github.com/scorredoira/email v0.0.0-20191107070024-dc7b732c55da h1:hhmnjfzz7szp75AyXxn8tDfEA0oU4REQLmpuW6zNAOY=
github.com/scorredoira/email v0.0.0-20191107070024-dc7b732c55da/go.mod h1:Q5ljvYIBpukMH+wgB8kcPV1i9NX8TqU++8GgBKq3pt0=
github.com/stretchr/testify v1.2.3-0.20181224173747-660f15d67dbb/go.mod h1:a8OnRcib4nhh0OaRAV+Yts87kKdq0PP7pXfy6kDkUVs=
gopkg.in/alexcesaro/quotedprintable.v3 v3.0.0-20150716171945-2caba252f4dc h1:2gGKlE2+asNV9m7xrywl36YYNnBG5ZQ0r/BOOxqPpmk=
gopkg.in/alexcesaro/quotedprintable.v3 v3.0.0-20150716171945-2caba252f4dc/go.mod h1:m7x9LTH6d71AHyAX77c9yqWCCa3UKHcVEj9y7hAtKDk=
gopkg.in/gomail.v2 v2.0.0-20160411212932-81ebce5c23df h1:n7WqCuqOuCbNr617RXOY0AWRXxgwEyPp2z+p0+hgMuE=
gopkg.in/gomail.v2 v2.0.0-20160411212932-81ebce5c23df/go.mod h1:LRQQ+SO6ZHR7tOkpBDuZnXENFzX8qRjMDMyPD6BRkCw=
